
Microsoft Visual Studio Solution File, Format Version 12.00
# Visual Studio 15
Project("{FAE04EC0-301F-11D3-BF4B-00C04F79EFBC}") = "Unity.Timeline", "Unity.Timeline.csproj", "{67D14779-3727-E4B9-1586-BD9AF0B763F6}"
EndProject
Project("{FAE04EC0-301F-11D3-BF4B-00C04F79EFBC}") = "Unity.PlasticSCM.Editor", "Unity.PlasticSCM.Editor.csproj", "{B2315465-D25C-5257-C73A-24D9C461E0FB}"
EndProject
Project("{FAE04EC0-301F-11D3-BF4B-00C04F79EFBC}") = "Unity.Localization", "Unity.Localization.csproj", "{38F57C6D-127D-1420-E839-2F67ACBF17A1}"
EndProject
Project("{FAE04EC0-301F-11D3-BF4B-00C04F79EFBC}") = "Unity.ScriptableBuildPipeline.Editor", "Unity.ScriptableBuildPipeline.Editor.csproj", "{072C1A7E-8344-FAF0-43DF-F12668B6CFEF}"
EndProject
Project("{FAE04EC0-301F-11D3-BF4B-00C04F79EFBC}") = "Unity.Mathematics", "Unity.Mathematics.csproj", "{6123E154-08A5-4478-DBE4-1B9DB4C13552}"
EndProject
Project("{FAE04EC0-301F-11D3-BF4B-00C04F79EFBC}") = "Unity.Timeline.Editor", "Unity.Timeline.Editor.csproj", "{4D93152C-083A-4EB0-A983-4FE711DC7400}"
EndProject
Project("{FAE04EC0-301F-11D3-BF4B-00C04F79EFBC}") = "Unity.Collections", "Unity.Collections.csproj", "{B62D96F3-E58D-9CAB-596F-B43FEE403FED}"
EndProject
Project("{FAE04EC0-301F-11D3-BF4B-00C04F79EFBC}") = "Unity.Addressables.Editor", "Unity.Addressables.Editor.csproj", "{28C8824F-DC47-032F-7DD4-925F97B31A95}"
EndProject
Project("{FAE04EC0-301F-11D3-BF4B-00C04F79EFBC}") = "Assembly-CSharp", "Assembly-CSharp.csproj", "{B31634C9-C2CC-47F8-45B3-1FE438ED4585}"
EndProject
Project("{FAE04EC0-301F-11D3-BF4B-00C04F79EFBC}") = "Unity.VisualScripting.Core.Editor", "Unity.VisualScripting.Core.Editor.csproj", "{764FAC6E-80CA-84BA-60B5-9B232C8C6641}"
EndProject
Project("{FAE04EC0-301F-11D3-BF4B-00C04F79EFBC}") = "Unity.PerformanceTesting.Editor", "Unity.PerformanceTesting.Editor.csproj", "{F0BE4542-0C43-C15F-74AE-EAEBF96DB9B1}"
EndProject
Project("{FAE04EC0-301F-11D3-BF4B-00C04F79EFBC}") = "Unity.Localization.Editor", "Unity.Localization.Editor.csproj", "{2453EAC2-382F-8E52-EA0F-28C3765F6A1B}"
EndProject
Project("{FAE04EC0-301F-11D3-BF4B-00C04F79EFBC}") = "UnityEngine.TestRunner", "UnityEngine.TestRunner.csproj", "{115FBA57-A6C8-BA19-FF26-AE21A8CFE460}"
EndProject
Project("{FAE04EC0-301F-11D3-BF4B-00C04F79EFBC}") = "Unity.Burst", "Unity.Burst.csproj", "{2E4F4F2F-8E8C-FB98-5BA8-7D88413D51E9}"
EndProject
Project("{FAE04EC0-301F-11D3-BF4B-00C04F79EFBC}") = "PhotonRealtime", "PhotonRealtime.csproj", "{494E470A-60E7-CD75-54BC-AA31C54EB5FC}"
EndProject
Project("{FAE04EC0-301F-11D3-BF4B-00C04F79EFBC}") = "Unity.VisualScripting.Flow.Editor", "Unity.VisualScripting.Flow.Editor.csproj", "{467AC1AC-9D6B-A342-7FC9-989B1AE03180}"
EndProject
Project("{FAE04EC0-301F-11D3-BF4B-00C04F79EFBC}") = "Unity.VisualStudio.Editor", "Unity.VisualStudio.Editor.csproj", "{D9E12AF9-8FD3-F27E-E669-767B50419736}"
EndProject
Project("{FAE04EC0-301F-11D3-BF4B-00C04F79EFBC}") = "Unity.InputSystem", "Unity.InputSystem.csproj", "{77128247-EB56-C764-DA09-8C7B429CE68E}"
EndProject
Project("{FAE04EC0-301F-11D3-BF4B-00C04F79EFBC}") = "PhotonUnityNetworking.Editor", "PhotonUnityNetworking.Editor.csproj", "{E142EC70-E52A-78FD-A3E1-DAC54638FC51}"
EndProject
Project("{FAE04EC0-301F-11D3-BF4B-00C04F79EFBC}") = "Unity.Searcher.Editor", "Unity.Searcher.Editor.csproj", "{0B585238-A461-9648-F035-D6504C32D1E4}"
EndProject
Project("{FAE04EC0-301F-11D3-BF4B-00C04F79EFBC}") = "Unity.ResourceManager", "Unity.ResourceManager.csproj", "{4072B5C7-BC4E-2F48-90D6-CEE7CF589395}"
EndProject
Project("{FAE04EC0-301F-11D3-BF4B-00C04F79EFBC}") = "UnityEditor.TestRunner", "UnityEditor.TestRunner.csproj", "{27CFB19E-86B9-FE85-20EB-1E2FAF19D6C3}"
EndProject
Project("{FAE04EC0-301F-11D3-BF4B-00C04F79EFBC}") = "Unity.VisualScripting.Core", "Unity.VisualScripting.Core.csproj", "{F362D7DE-FD94-6476-DABE-9343BAC236AD}"
EndProject
Project("{FAE04EC0-301F-11D3-BF4B-00C04F79EFBC}") = "Unity.CollabProxy.Editor", "Unity.CollabProxy.Editor.csproj", "{83370BAD-9B0A-C0AC-129F-CBC7C73F3A03}"
EndProject
Project("{FAE04EC0-301F-11D3-BF4B-00C04F79EFBC}") = "Unity.VisualScripting.State.Editor", "Unity.VisualScripting.State.Editor.csproj", "{4E8A3FAF-FB2F-5EAA-82EF-FDF20796C4B4}"
EndProject
Project("{FAE04EC0-301F-11D3-BF4B-00C04F79EFBC}") = "Unity.TestTools.CodeCoverage.Editor", "Unity.TestTools.CodeCoverage.Editor.csproj", "{AA389688-407A-A469-C537-180CC0698C2A}"
EndProject
Project("{FAE04EC0-301F-11D3-BF4B-00C04F79EFBC}") = "Unity.Burst.CodeGen", "Unity.Burst.CodeGen.csproj", "{B9C0B7F1-4B96-02AF-5078-3DCD22826C41}"
EndProject
Project("{FAE04EC0-301F-11D3-BF4B-00C04F79EFBC}") = "PhotonUnityNetworking", "PhotonUnityNetworking.csproj", "{62F2F2E8-2521-A93C-6EFC-173A887C2F56}"
EndProject
Project("{FAE04EC0-301F-11D3-BF4B-00C04F79EFBC}") = "Unity.Addressables.Editor.Tests.DocExampleCode", "Unity.Addressables.Editor.Tests.DocExampleCode.csproj", "{E40401F9-CA75-8C20-095B-6678BC0D156E}"
EndProject
Project("{FAE04EC0-301F-11D3-BF4B-00C04F79EFBC}") = "Unity.VisualScripting.Flow", "Unity.VisualScripting.Flow.csproj", "{83DD7556-9857-1A6F-1E5D-4A930102FFE1}"
EndProject
Project("{FAE04EC0-301F-11D3-BF4B-00C04F79EFBC}") = "Unity.PerformanceTesting", "Unity.PerformanceTesting.csproj", "{16B0D377-F1FA-4E7E-42AF-855F43DF7B78}"
EndProject
Project("{FAE04EC0-301F-11D3-BF4B-00C04F79EFBC}") = "Unity.TestTools.CodeCoverage.Editor.OpenCover.Model", "Unity.TestTools.CodeCoverage.Editor.OpenCover.Model.csproj", "{69D0D1E3-952B-CA53-5AB5-C47BE60F566F}"
EndProject
Project("{FAE04EC0-301F-11D3-BF4B-00C04F79EFBC}") = "Unity.InternalAPIEngineBridge.013", "Unity.InternalAPIEngineBridge.013.csproj", "{C31D0141-5BFD-9A98-FE63-385864709A8B}"
EndProject
Project("{FAE04EC0-301F-11D3-BF4B-00C04F79EFBC}") = "PhotonUnityNetworking.Demos", "PhotonUnityNetworking.Demos.csproj", "{4F6D1074-DB7D-4C36-287F-7E642F7507BC}"
EndProject
Project("{FAE04EC0-301F-11D3-BF4B-00C04F79EFBC}") = "Unity.Burst.Editor", "Unity.Burst.Editor.csproj", "{7F972057-1FB7-3537-0EAC-13B77F7A5C8F}"
EndProject
Project("{FAE04EC0-301F-11D3-BF4B-00C04F79EFBC}") = "Unity.TestTools.CodeCoverage.Editor.OpenCover.Mono.Reflection", "Unity.TestTools.CodeCoverage.Editor.OpenCover.Mono.Reflection.csproj", "{CCB8D803-DA17-FA0C-47FA-8561C5EE238C}"
EndProject
Project("{FAE04EC0-301F-11D3-BF4B-00C04F79EFBC}") = "Unity.Rider.Editor", "Unity.Rider.Editor.csproj", "{408B8D1C-6647-8B61-2F07-66ACA4E02F8C}"
EndProject
Project("{FAE04EC0-301F-11D3-BF4B-00C04F79EFBC}") = "Unity.VisualScripting.State", "Unity.VisualScripting.State.csproj", "{A7843F08-9859-5918-4A88-9C45C2AD335B}"
EndProject
Project("{FAE04EC0-301F-11D3-BF4B-00C04F79EFBC}") = "Unity.Performance.Profile-Analyzer.Editor", "Unity.Performance.Profile-Analyzer.Editor.csproj", "{161CCCB5-4E9C-B1F2-B73F-42AA07EEFC91}"
EndProject
Project("{FAE04EC0-301F-11D3-BF4B-00C04F79EFBC}") = "Unity.InternalAPIEditorBridge.013", "Unity.InternalAPIEditorBridge.013.csproj", "{3B83EF5C-EB39-D09D-3BAC-C1992F11190D}"
EndProject
Project("{FAE04EC0-301F-11D3-BF4B-00C04F79EFBC}") = "PhotonUnityNetworking.Utilities", "PhotonUnityNetworking.Utilities.csproj", "{9E1A917F-4608-101C-7989-8B55567D3FDC}"
EndProject
Project("{FAE04EC0-301F-11D3-BF4B-00C04F79EFBC}") = "Unity.InputSystem.ForUI", "Unity.InputSystem.ForUI.csproj", "{EA8B18A6-1741-5262-F1BF-3DD7FB1AD29F}"
EndProject
Project("{FAE04EC0-301F-11D3-BF4B-00C04F79EFBC}") = "Unity.Collections.CodeGen", "Unity.Collections.CodeGen.csproj", "{286A9591-1E2E-441C-92B5-3F304BB280B9}"
EndProject
Project("{FAE04EC0-301F-11D3-BF4B-00C04F79EFBC}") = "Unity.Addressables", "Unity.Addressables.csproj", "{4946F295-F6EC-B57F-7A68-4D40F0935E97}"
EndProject
Project("{FAE04EC0-301F-11D3-BF4B-00C04F79EFBC}") = "Unity.Mathematics.Editor", "Unity.Mathematics.Editor.csproj", "{3A51539B-61CE-6378-E7F2-0D758C27244E}"
EndProject
Project("{FAE04EC0-301F-11D3-BF4B-00C04F79EFBC}") = "Unity.VisualScripting.SettingsProvider.Editor", "Unity.VisualScripting.SettingsProvider.Editor.csproj", "{F10C717A-7A6F-910E-458E-27D03D6A60CE}"
EndProject
Project("{FAE04EC0-301F-11D3-BF4B-00C04F79EFBC}") = "Unity.Settings.Editor", "Unity.Settings.Editor.csproj", "{6768086F-CFAC-402F-1D94-8F1B87678279}"
EndProject
Project("{FAE04EC0-301F-11D3-BF4B-00C04F79EFBC}") = "Unity.InputSystem.TestFramework", "Unity.InputSystem.TestFramework.csproj", "{853EED42-9CB7-C1EB-FA74-F270FEA286A8}"
EndProject
Project("{FAE04EC0-301F-11D3-BF4B-00C04F79EFBC}") = "PunDemos.DemoHubEditor", "PunDemos.DemoHubEditor.csproj", "{43DF539D-36E9-7A97-E32C-6FD6C9ABB74B}"
EndProject
Project("{FAE04EC0-301F-11D3-BF4B-00C04F79EFBC}") = "Unity.VisualScripting.Shared.Editor", "Unity.VisualScripting.Shared.Editor.csproj", "{80CAEDCD-6C8F-75F3-591C-AEB6788C8997}"
EndProject
Project("{FAE04EC0-301F-11D3-BF4B-00C04F79EFBC}") = "PunDemos.DemoSlotcarEditor", "PunDemos.DemoSlotcarEditor.csproj", "{4ABD7616-93FA-3D46-FA01-B3B4D645C80B}"
EndProject
Project("{FAE04EC0-301F-11D3-BF4B-00C04F79EFBC}") = "Unity.Profiling.Core", "Unity.Profiling.Core.csproj", "{80001C11-026E-0A61-F662-55AE2160ACE2}"
EndProject
Project("{FAE04EC0-301F-11D3-BF4B-00C04F79EFBC}") = "PhotonChat", "PhotonChat.csproj", "{3B6F0C9F-632A-A5BF-1C9B-758CFD626368}"
EndProject
Project("{FAE04EC0-301F-11D3-BF4B-00C04F79EFBC}") = "Unity.InputSystem.RebindingUI", "Unity.InputSystem.RebindingUI.csproj", "{BCECC51C-30B9-1C10-8F89-DEBCCF2874ED}"
EndProject
Project("{FAE04EC0-301F-11D3-BF4B-00C04F79EFBC}") = "Unity.EditorCoroutines.Editor", "Unity.EditorCoroutines.Editor.csproj", "{DFAA10FE-EA7D-66FA-1A64-DE1F1B82B992}"
EndProject
Project("{FAE04EC0-301F-11D3-BF4B-00C04F79EFBC}") = "PhotonUnityNetworking.Utilities.PhotonPlayer.Editor", "PhotonUnityNetworking.Utilities.PhotonPlayer.Editor.csproj", "{D516AEB7-26D2-2776-35B7-DE67C9D4E8C9}"
EndProject
Project("{FAE04EC0-301F-11D3-BF4B-00C04F79EFBC}") = "Unity.ScriptableBuildPipeline", "Unity.ScriptableBuildPipeline.csproj", "{E16A853C-B368-C102-1EEA-8C3F5E925ECD}"
EndProject
Project("{FAE04EC0-301F-11D3-BF4B-00C04F79EFBC}") = "Unity.Collections.Editor", "Unity.Collections.Editor.csproj", "{1022B791-E8D6-884A-82C9-A54AC217F70B}"
EndProject
Project("{FAE04EC0-301F-11D3-BF4B-00C04F79EFBC}") = "PhotonUnityNetworking.Utilities.Culling.Editor", "PhotonUnityNetworking.Utilities.Culling.Editor.csproj", "{3D7CAE85-D351-D83B-798C-6DD30EBE3709}"
EndProject
Project("{FAE04EC0-301F-11D3-BF4B-00C04F79EFBC}") = "Assembly-CSharp-Editor", "Assembly-CSharp-Editor.csproj", "{234007B5-0088-B20F-F0CD-238D29251B22}"
EndProject
Global
	GlobalSection(SolutionConfigurationPlatforms) = preSolution
		Debug|Any CPU = Debug|Any CPU
		Release|Any CPU = Release|Any CPU
	EndGlobalSection
	GlobalSection(ProjectConfigurationPlatforms) = postSolution
		{67D14779-3727-E4B9-1586-BD9AF0B763F6}.Debug|Any CPU.ActiveCfg = Debug|Any CPU
		{67D14779-3727-E4B9-1586-BD9AF0B763F6}.Debug|Any CPU.Build.0 = Debug|Any CPU
		{67D14779-3727-E4B9-1586-BD9AF0B763F6}.Release|Any CPU.ActiveCfg = Release|Any CPU
		{67D14779-3727-E4B9-1586-BD9AF0B763F6}.Release|Any CPU.Build.0 = Release|Any CPU
		{B2315465-D25C-5257-C73A-24D9C461E0FB}.Debug|Any CPU.ActiveCfg = Debug|Any CPU
		{B2315465-D25C-5257-C73A-24D9C461E0FB}.Debug|Any CPU.Build.0 = Debug|Any CPU
		{B2315465-D25C-5257-C73A-24D9C461E0FB}.Release|Any CPU.ActiveCfg = Release|Any CPU
		{B2315465-D25C-5257-C73A-24D9C461E0FB}.Release|Any CPU.Build.0 = Release|Any CPU
		{38F57C6D-127D-1420-E839-2F67ACBF17A1}.Debug|Any CPU.ActiveCfg = Debug|Any CPU
		{38F57C6D-127D-1420-E839-2F67ACBF17A1}.Debug|Any CPU.Build.0 = Debug|Any CPU
		{38F57C6D-127D-1420-E839-2F67ACBF17A1}.Release|Any CPU.ActiveCfg = Release|Any CPU
		{38F57C6D-127D-1420-E839-2F67ACBF17A1}.Release|Any CPU.Build.0 = Release|Any CPU
		{072C1A7E-8344-FAF0-43DF-F12668B6CFEF}.Debug|Any CPU.ActiveCfg = Debug|Any CPU
		{072C1A7E-8344-FAF0-43DF-F12668B6CFEF}.Debug|Any CPU.Build.0 = Debug|Any CPU
		{072C1A7E-8344-FAF0-43DF-F12668B6CFEF}.Release|Any CPU.ActiveCfg = Release|Any CPU
		{072C1A7E-8344-FAF0-43DF-F12668B6CFEF}.Release|Any CPU.Build.0 = Release|Any CPU
		{6123E154-08A5-4478-DBE4-1B9DB4C13552}.Debug|Any CPU.ActiveCfg = Debug|Any CPU
		{6123E154-08A5-4478-DBE4-1B9DB4C13552}.Debug|Any CPU.Build.0 = Debug|Any CPU
		{6123E154-08A5-4478-DBE4-1B9DB4C13552}.Release|Any CPU.ActiveCfg = Release|Any CPU
		{6123E154-08A5-4478-DBE4-1B9DB4C13552}.Release|Any CPU.Build.0 = Release|Any CPU
		{4D93152C-083A-4EB0-A983-4FE711DC7400}.Debug|Any CPU.ActiveCfg = Debug|Any CPU
		{4D93152C-083A-4EB0-A983-4FE711DC7400}.Debug|Any CPU.Build.0 = Debug|Any CPU
		{4D93152C-083A-4EB0-A983-4FE711DC7400}.Release|Any CPU.ActiveCfg = Release|Any CPU
		{4D93152C-083A-4EB0-A983-4FE711DC7400}.Release|Any CPU.Build.0 = Release|Any CPU
		{B62D96F3-E58D-9CAB-596F-B43FEE403FED}.Debug|Any CPU.ActiveCfg = Debug|Any CPU
		{B62D96F3-E58D-9CAB-596F-B43FEE403FED}.Debug|Any CPU.Build.0 = Debug|Any CPU
		{B62D96F3-E58D-9CAB-596F-B43FEE403FED}.Release|Any CPU.ActiveCfg = Release|Any CPU
		{B62D96F3-E58D-9CAB-596F-B43FEE403FED}.Release|Any CPU.Build.0 = Release|Any CPU
		{28C8824F-DC47-032F-7DD4-925F97B31A95}.Debug|Any CPU.ActiveCfg = Debug|Any CPU
		{28C8824F-DC47-032F-7DD4-925F97B31A95}.Debug|Any CPU.Build.0 = Debug|Any CPU
		{28C8824F-DC47-032F-7DD4-925F97B31A95}.Release|Any CPU.ActiveCfg = Release|Any CPU
		{28C8824F-DC47-032F-7DD4-925F97B31A95}.Release|Any CPU.Build.0 = Release|Any CPU
		{B31634C9-C2CC-47F8-45B3-1FE438ED4585}.Debug|Any CPU.ActiveCfg = Debug|Any CPU
		{B31634C9-C2CC-47F8-45B3-1FE438ED4585}.Debug|Any CPU.Build.0 = Debug|Any CPU
		{B31634C9-C2CC-47F8-45B3-1FE438ED4585}.Release|Any CPU.ActiveCfg = Release|Any CPU
		{B31634C9-C2CC-47F8-45B3-1FE438ED4585}.Release|Any CPU.Build.0 = Release|Any CPU
		{764FAC6E-80CA-84BA-60B5-9B232C8C6641}.Debug|Any CPU.ActiveCfg = Debug|Any CPU
		{764FAC6E-80CA-84BA-60B5-9B232C8C6641}.Debug|Any CPU.Build.0 = Debug|Any CPU
		{764FAC6E-80CA-84BA-60B5-9B232C8C6641}.Release|Any CPU.ActiveCfg = Release|Any CPU
		{764FAC6E-80CA-84BA-60B5-9B232C8C6641}.Release|Any CPU.Build.0 = Release|Any CPU
		{F0BE4542-0C43-C15F-74AE-EAEBF96DB9B1}.Debug|Any CPU.ActiveCfg = Debug|Any CPU
		{F0BE4542-0C43-C15F-74AE-EAEBF96DB9B1}.Debug|Any CPU.Build.0 = Debug|Any CPU
		{F0BE4542-0C43-C15F-74AE-EAEBF96DB9B1}.Release|Any CPU.ActiveCfg = Release|Any CPU
		{F0BE4542-0C43-C15F-74AE-EAEBF96DB9B1}.Release|Any CPU.Build.0 = Release|Any CPU
		{2453EAC2-382F-8E52-EA0F-28C3765F6A1B}.Debug|Any CPU.ActiveCfg = Debug|Any CPU
		{2453EAC2-382F-8E52-EA0F-28C3765F6A1B}.Debug|Any CPU.Build.0 = Debug|Any CPU
		{2453EAC2-382F-8E52-EA0F-28C3765F6A1B}.Release|Any CPU.ActiveCfg = Release|Any CPU
		{2453EAC2-382F-8E52-EA0F-28C3765F6A1B}.Release|Any CPU.Build.0 = Release|Any CPU
		{115FBA57-A6C8-BA19-FF26-AE21A8CFE460}.Debug|Any CPU.ActiveCfg = Debug|Any CPU
		{115FBA57-A6C8-BA19-FF26-AE21A8CFE460}.Debug|Any CPU.Build.0 = Debug|Any CPU
		{115FBA57-A6C8-BA19-FF26-AE21A8CFE460}.Release|Any CPU.ActiveCfg = Release|Any CPU
		{115FBA57-A6C8-BA19-FF26-AE21A8CFE460}.Release|Any CPU.Build.0 = Release|Any CPU
		{2E4F4F2F-8E8C-FB98-5BA8-7D88413D51E9}.Debug|Any CPU.ActiveCfg = Debug|Any CPU
		{2E4F4F2F-8E8C-FB98-5BA8-7D88413D51E9}.Debug|Any CPU.Build.0 = Debug|Any CPU
		{2E4F4F2F-8E8C-FB98-5BA8-7D88413D51E9}.Release|Any CPU.ActiveCfg = Release|Any CPU
		{2E4F4F2F-8E8C-FB98-5BA8-7D88413D51E9}.Release|Any CPU.Build.0 = Release|Any CPU
		{494E470A-60E7-CD75-54BC-AA31C54EB5FC}.Debug|Any CPU.ActiveCfg = Debug|Any CPU
		{494E470A-60E7-CD75-54BC-AA31C54EB5FC}.Debug|Any CPU.Build.0 = Debug|Any CPU
		{494E470A-60E7-CD75-54BC-AA31C54EB5FC}.Release|Any CPU.ActiveCfg = Release|Any CPU
		{494E470A-60E7-CD75-54BC-AA31C54EB5FC}.Release|Any CPU.Build.0 = Release|Any CPU
		{467AC1AC-9D6B-A342-7FC9-989B1AE03180}.Debug|Any CPU.ActiveCfg = Debug|Any CPU
		{467AC1AC-9D6B-A342-7FC9-989B1AE03180}.Debug|Any CPU.Build.0 = Debug|Any CPU
		{467AC1AC-9D6B-A342-7FC9-989B1AE03180}.Release|Any CPU.ActiveCfg = Release|Any CPU
		{467AC1AC-9D6B-A342-7FC9-989B1AE03180}.Release|Any CPU.Build.0 = Release|Any CPU
		{D9E12AF9-8FD3-F27E-E669-767B50419736}.Debug|Any CPU.ActiveCfg = Debug|Any CPU
		{D9E12AF9-8FD3-F27E-E669-767B50419736}.Debug|Any CPU.Build.0 = Debug|Any CPU
		{D9E12AF9-8FD3-F27E-E669-767B50419736}.Release|Any CPU.ActiveCfg = Release|Any CPU
		{D9E12AF9-8FD3-F27E-E669-767B50419736}.Release|Any CPU.Build.0 = Release|Any CPU
		{77128247-EB56-C764-DA09-8C7B429CE68E}.Debug|Any CPU.ActiveCfg = Debug|Any CPU
		{77128247-EB56-C764-DA09-8C7B429CE68E}.Debug|Any CPU.Build.0 = Debug|Any CPU
		{77128247-EB56-C764-DA09-8C7B429CE68E}.Release|Any CPU.ActiveCfg = Release|Any CPU
		{77128247-EB56-C764-DA09-8C7B429CE68E}.Release|Any CPU.Build.0 = Release|Any CPU
		{E142EC70-E52A-78FD-A3E1-DAC54638FC51}.Debug|Any CPU.ActiveCfg = Debug|Any CPU
		{E142EC70-E52A-78FD-A3E1-DAC54638FC51}.Debug|Any CPU.Build.0 = Debug|Any CPU
		{E142EC70-E52A-78FD-A3E1-DAC54638FC51}.Release|Any CPU.ActiveCfg = Release|Any CPU
		{E142EC70-E52A-78FD-A3E1-DAC54638FC51}.Release|Any CPU.Build.0 = Release|Any CPU
		{0B585238-A461-9648-F035-D6504C32D1E4}.Debug|Any CPU.ActiveCfg = Debug|Any CPU
		{0B585238-A461-9648-F035-D6504C32D1E4}.Debug|Any CPU.Build.0 = Debug|Any CPU
		{0B585238-A461-9648-F035-D6504C32D1E4}.Release|Any CPU.ActiveCfg = Release|Any CPU
		{0B585238-A461-9648-F035-D6504C32D1E4}.Release|Any CPU.Build.0 = Release|Any CPU
		{4072B5C7-BC4E-2F48-90D6-CEE7CF589395}.Debug|Any CPU.ActiveCfg = Debug|Any CPU
		{4072B5C7-BC4E-2F48-90D6-CEE7CF589395}.Debug|Any CPU.Build.0 = Debug|Any CPU
		{4072B5C7-BC4E-2F48-90D6-CEE7CF589395}.Release|Any CPU.ActiveCfg = Release|Any CPU
		{4072B5C7-BC4E-2F48-90D6-CEE7CF589395}.Release|Any CPU.Build.0 = Release|Any CPU
		{27CFB19E-86B9-FE85-20EB-1E2FAF19D6C3}.Debug|Any CPU.ActiveCfg = Debug|Any CPU
		{27CFB19E-86B9-FE85-20EB-1E2FAF19D6C3}.Debug|Any CPU.Build.0 = Debug|Any CPU
		{27CFB19E-86B9-FE85-20EB-1E2FAF19D6C3}.Release|Any CPU.ActiveCfg = Release|Any CPU
		{27CFB19E-86B9-FE85-20EB-1E2FAF19D6C3}.Release|Any CPU.Build.0 = Release|Any CPU
		{F362D7DE-FD94-6476-DABE-9343BAC236AD}.Debug|Any CPU.ActiveCfg = Debug|Any CPU
		{F362D7DE-FD94-6476-DABE-9343BAC236AD}.Debug|Any CPU.Build.0 = Debug|Any CPU
		{F362D7DE-FD94-6476-DABE-9343BAC236AD}.Release|Any CPU.ActiveCfg = Release|Any CPU
		{F362D7DE-FD94-6476-DABE-9343BAC236AD}.Release|Any CPU.Build.0 = Release|Any CPU
		{83370BAD-9B0A-C0AC-129F-CBC7C73F3A03}.Debug|Any CPU.ActiveCfg = Debug|Any CPU
		{83370BAD-9B0A-C0AC-129F-CBC7C73F3A03}.Debug|Any CPU.Build.0 = Debug|Any CPU
		{83370BAD-9B0A-C0AC-129F-CBC7C73F3A03}.Release|Any CPU.ActiveCfg = Release|Any CPU
		{83370BAD-9B0A-C0AC-129F-CBC7C73F3A03}.Release|Any CPU.Build.0 = Release|Any CPU
		{4E8A3FAF-FB2F-5EAA-82EF-FDF20796C4B4}.Debug|Any CPU.ActiveCfg = Debug|Any CPU
		{4E8A3FAF-FB2F-5EAA-82EF-FDF20796C4B4}.Debug|Any CPU.Build.0 = Debug|Any CPU
		{4E8A3FAF-FB2F-5EAA-82EF-FDF20796C4B4}.Release|Any CPU.ActiveCfg = Release|Any CPU
		{4E8A3FAF-FB2F-5EAA-82EF-FDF20796C4B4}.Release|Any CPU.Build.0 = Release|Any CPU
		{AA389688-407A-A469-C537-180CC0698C2A}.Debug|Any CPU.ActiveCfg = Debug|Any CPU
		{AA389688-407A-A469-C537-180CC0698C2A}.Debug|Any CPU.Build.0 = Debug|Any CPU
		{AA389688-407A-A469-C537-180CC0698C2A}.Release|Any CPU.ActiveCfg = Release|Any CPU
		{AA389688-407A-A469-C537-180CC0698C2A}.Release|Any CPU.Build.0 = Release|Any CPU
		{B9C0B7F1-4B96-02AF-5078-3DCD22826C41}.Debug|Any CPU.ActiveCfg = Debug|Any CPU
		{B9C0B7F1-4B96-02AF-5078-3DCD22826C41}.Debug|Any CPU.Build.0 = Debug|Any CPU
		{B9C0B7F1-4B96-02AF-5078-3DCD22826C41}.Release|Any CPU.ActiveCfg = Release|Any CPU
		{B9C0B7F1-4B96-02AF-5078-3DCD22826C41}.Release|Any CPU.Build.0 = Release|Any CPU
		{62F2F2E8-2521-A93C-6EFC-173A887C2F56}.Debug|Any CPU.ActiveCfg = Debug|Any CPU
		{62F2F2E8-2521-A93C-6EFC-173A887C2F56}.Debug|Any CPU.Build.0 = Debug|Any CPU
		{62F2F2E8-2521-A93C-6EFC-173A887C2F56}.Release|Any CPU.ActiveCfg = Release|Any CPU
		{62F2F2E8-2521-A93C-6EFC-173A887C2F56}.Release|Any CPU.Build.0 = Release|Any CPU
		{E40401F9-CA75-8C20-095B-6678BC0D156E}.Debug|Any CPU.ActiveCfg = Debug|Any CPU
		{E40401F9-CA75-8C20-095B-6678BC0D156E}.Debug|Any CPU.Build.0 = Debug|Any CPU
		{E40401F9-CA75-8C20-095B-6678BC0D156E}.Release|Any CPU.ActiveCfg = Release|Any CPU
		{E40401F9-CA75-8C20-095B-6678BC0D156E}.Release|Any CPU.Build.0 = Release|Any CPU
		{83DD7556-9857-1A6F-1E5D-4A930102FFE1}.Debug|Any CPU.ActiveCfg = Debug|Any CPU
		{83DD7556-9857-1A6F-1E5D-4A930102FFE1}.Debug|Any CPU.Build.0 = Debug|Any CPU
		{83DD7556-9857-1A6F-1E5D-4A930102FFE1}.Release|Any CPU.ActiveCfg = Release|Any CPU
		{83DD7556-9857-1A6F-1E5D-4A930102FFE1}.Release|Any CPU.Build.0 = Release|Any CPU
		{16B0D377-F1FA-4E7E-42AF-855F43DF7B78}.Debug|Any CPU.ActiveCfg = Debug|Any CPU
		{16B0D377-F1FA-4E7E-42AF-855F43DF7B78}.Debug|Any CPU.Build.0 = Debug|Any CPU
		{16B0D377-F1FA-4E7E-42AF-855F43DF7B78}.Release|Any CPU.ActiveCfg = Release|Any CPU
		{16B0D377-F1FA-4E7E-42AF-855F43DF7B78}.Release|Any CPU.Build.0 = Release|Any CPU
		{69D0D1E3-952B-CA53-5AB5-C47BE60F566F}.Debug|Any CPU.ActiveCfg = Debug|Any CPU
		{69D0D1E3-952B-CA53-5AB5-C47BE60F566F}.Debug|Any CPU.Build.0 = Debug|Any CPU
		{69D0D1E3-952B-CA53-5AB5-C47BE60F566F}.Release|Any CPU.ActiveCfg = Release|Any CPU
		{69D0D1E3-952B-CA53-5AB5-C47BE60F566F}.Release|Any CPU.Build.0 = Release|Any CPU
		{C31D0141-5BFD-9A98-FE63-385864709A8B}.Debug|Any CPU.ActiveCfg = Debug|Any CPU
		{C31D0141-5BFD-9A98-FE63-385864709A8B}.Debug|Any CPU.Build.0 = Debug|Any CPU
		{C31D0141-5BFD-9A98-FE63-385864709A8B}.Release|Any CPU.ActiveCfg = Release|Any CPU
		{C31D0141-5BFD-9A98-FE63-385864709A8B}.Release|Any CPU.Build.0 = Release|Any CPU
		{4F6D1074-DB7D-4C36-287F-7E642F7507BC}.Debug|Any CPU.ActiveCfg = Debug|Any CPU
		{4F6D1074-DB7D-4C36-287F-7E642F7507BC}.Debug|Any CPU.Build.0 = Debug|Any CPU
		{4F6D1074-DB7D-4C36-287F-7E642F7507BC}.Release|Any CPU.ActiveCfg = Release|Any CPU
		{4F6D1074-DB7D-4C36-287F-7E642F7507BC}.Release|Any CPU.Build.0 = Release|Any CPU
		{7F972057-1FB7-3537-0EAC-13B77F7A5C8F}.Debug|Any CPU.ActiveCfg = Debug|Any CPU
		{7F972057-1FB7-3537-0EAC-13B77F7A5C8F}.Debug|Any CPU.Build.0 = Debug|Any CPU
		{7F972057-1FB7-3537-0EAC-13B77F7A5C8F}.Release|Any CPU.ActiveCfg = Release|Any CPU
		{7F972057-1FB7-3537-0EAC-13B77F7A5C8F}.Release|Any CPU.Build.0 = Release|Any CPU
		{CCB8D803-DA17-FA0C-47FA-8561C5EE238C}.Debug|Any CPU.ActiveCfg = Debug|Any CPU
		{CCB8D803-DA17-FA0C-47FA-8561C5EE238C}.Debug|Any CPU.Build.0 = Debug|Any CPU
		{CCB8D803-DA17-FA0C-47FA-8561C5EE238C}.Release|Any CPU.ActiveCfg = Release|Any CPU
		{CCB8D803-DA17-FA0C-47FA-8561C5EE238C}.Release|Any CPU.Build.0 = Release|Any CPU
		{408B8D1C-6647-8B61-2F07-66ACA4E02F8C}.Debug|Any CPU.ActiveCfg = Debug|Any CPU
		{408B8D1C-6647-8B61-2F07-66ACA4E02F8C}.Debug|Any CPU.Build.0 = Debug|Any CPU
		{408B8D1C-6647-8B61-2F07-66ACA4E02F8C}.Release|Any CPU.ActiveCfg = Release|Any CPU
		{408B8D1C-6647-8B61-2F07-66ACA4E02F8C}.Release|Any CPU.Build.0 = Release|Any CPU
		{A7843F08-9859-5918-4A88-9C45C2AD335B}.Debug|Any CPU.ActiveCfg = Debug|Any CPU
		{A7843F08-9859-5918-4A88-9C45C2AD335B}.Debug|Any CPU.Build.0 = Debug|Any CPU
		{A7843F08-9859-5918-4A88-9C45C2AD335B}.Release|Any CPU.ActiveCfg = Release|Any CPU
		{A7843F08-9859-5918-4A88-9C45C2AD335B}.Release|Any CPU.Build.0 = Release|Any CPU
		{161CCCB5-4E9C-B1F2-B73F-42AA07EEFC91}.Debug|Any CPU.ActiveCfg = Debug|Any CPU
		{161CCCB5-4E9C-B1F2-B73F-42AA07EEFC91}.Debug|Any CPU.Build.0 = Debug|Any CPU
		{161CCCB5-4E9C-B1F2-B73F-42AA07EEFC91}.Release|Any CPU.ActiveCfg = Release|Any CPU
		{161CCCB5-4E9C-B1F2-B73F-42AA07EEFC91}.Release|Any CPU.Build.0 = Release|Any CPU
		{3B83EF5C-EB39-D09D-3BAC-C1992F11190D}.Debug|Any CPU.ActiveCfg = Debug|Any CPU
		{3B83EF5C-EB39-D09D-3BAC-C1992F11190D}.Debug|Any CPU.Build.0 = Debug|Any CPU
		{3B83EF5C-EB39-D09D-3BAC-C1992F11190D}.Release|Any CPU.ActiveCfg = Release|Any CPU
		{3B83EF5C-EB39-D09D-3BAC-C1992F11190D}.Release|Any CPU.Build.0 = Release|Any CPU
		{9E1A917F-4608-101C-7989-8B55567D3FDC}.Debug|Any CPU.ActiveCfg = Debug|Any CPU
		{9E1A917F-4608-101C-7989-8B55567D3FDC}.Debug|Any CPU.Build.0 = Debug|Any CPU
		{9E1A917F-4608-101C-7989-8B55567D3FDC}.Release|Any CPU.ActiveCfg = Release|Any CPU
		{9E1A917F-4608-101C-7989-8B55567D3FDC}.Release|Any CPU.Build.0 = Release|Any CPU
		{EA8B18A6-1741-5262-F1BF-3DD7FB1AD29F}.Debug|Any CPU.ActiveCfg = Debug|Any CPU
		{EA8B18A6-1741-5262-F1BF-3DD7FB1AD29F}.Debug|Any CPU.Build.0 = Debug|Any CPU
		{EA8B18A6-1741-5262-F1BF-3DD7FB1AD29F}.Release|Any CPU.ActiveCfg = Release|Any CPU
		{EA8B18A6-1741-5262-F1BF-3DD7FB1AD29F}.Release|Any CPU.Build.0 = Release|Any CPU
		{286A9591-1E2E-441C-92B5-3F304BB280B9}.Debug|Any CPU.ActiveCfg = Debug|Any CPU
		{286A9591-1E2E-441C-92B5-3F304BB280B9}.Debug|Any CPU.Build.0 = Debug|Any CPU
		{286A9591-1E2E-441C-92B5-3F304BB280B9}.Release|Any CPU.ActiveCfg = Release|Any CPU
		{286A9591-1E2E-441C-92B5-3F304BB280B9}.Release|Any CPU.Build.0 = Release|Any CPU
		{4946F295-F6EC-B57F-7A68-4D40F0935E97}.Debug|Any CPU.ActiveCfg = Debug|Any CPU
		{4946F295-F6EC-B57F-7A68-4D40F0935E97}.Debug|Any CPU.Build.0 = Debug|Any CPU
		{4946F295-F6EC-B57F-7A68-4D40F0935E97}.Release|Any CPU.ActiveCfg = Release|Any CPU
		{4946F295-F6EC-B57F-7A68-4D40F0935E97}.Release|Any CPU.Build.0 = Release|Any CPU
		{3A51539B-61CE-6378-E7F2-0D758C27244E}.Debug|Any CPU.ActiveCfg = Debug|Any CPU
		{3A51539B-61CE-6378-E7F2-0D758C27244E}.Debug|Any CPU.Build.0 = Debug|Any CPU
		{3A51539B-61CE-6378-E7F2-0D758C27244E}.Release|Any CPU.ActiveCfg = Release|Any CPU
		{3A51539B-61CE-6378-E7F2-0D758C27244E}.Release|Any CPU.Build.0 = Release|Any CPU
		{F10C717A-7A6F-910E-458E-27D03D6A60CE}.Debug|Any CPU.ActiveCfg = Debug|Any CPU
		{F10C717A-7A6F-910E-458E-27D03D6A60CE}.Debug|Any CPU.Build.0 = Debug|Any CPU
		{F10C717A-7A6F-910E-458E-27D03D6A60CE}.Release|Any CPU.ActiveCfg = Release|Any CPU
		{F10C717A-7A6F-910E-458E-27D03D6A60CE}.Release|Any CPU.Build.0 = Release|Any CPU
		{6768086F-CFAC-402F-1D94-8F1B87678279}.Debug|Any CPU.ActiveCfg = Debug|Any CPU
		{6768086F-CFAC-402F-1D94-8F1B87678279}.Debug|Any CPU.Build.0 = Debug|Any CPU
		{6768086F-CFAC-402F-1D94-8F1B87678279}.Release|Any CPU.ActiveCfg = Release|Any CPU
		{6768086F-CFAC-402F-1D94-8F1B87678279}.Release|Any CPU.Build.0 = Release|Any CPU
		{853EED42-9CB7-C1EB-FA74-F270FEA286A8}.Debug|Any CPU.ActiveCfg = Debug|Any CPU
		{853EED42-9CB7-C1EB-FA74-F270FEA286A8}.Debug|Any CPU.Build.0 = Debug|Any CPU
		{853EED42-9CB7-C1EB-FA74-F270FEA286A8}.Release|Any CPU.ActiveCfg = Release|Any CPU
		{853EED42-9CB7-C1EB-FA74-F270FEA286A8}.Release|Any CPU.Build.0 = Release|Any CPU
		{43DF539D-36E9-7A97-E32C-6FD6C9ABB74B}.Debug|Any CPU.ActiveCfg = Debug|Any CPU
		{43DF539D-36E9-7A97-E32C-6FD6C9ABB74B}.Debug|Any CPU.Build.0 = Debug|Any CPU
		{43DF539D-36E9-7A97-E32C-6FD6C9ABB74B}.Release|Any CPU.ActiveCfg = Release|Any CPU
		{43DF539D-36E9-7A97-E32C-6FD6C9ABB74B}.Release|Any CPU.Build.0 = Release|Any CPU
		{80CAEDCD-6C8F-75F3-591C-AEB6788C8997}.Debug|Any CPU.ActiveCfg = Debug|Any CPU
		{80CAEDCD-6C8F-75F3-591C-AEB6788C8997}.Debug|Any CPU.Build.0 = Debug|Any CPU
		{80CAEDCD-6C8F-75F3-591C-AEB6788C8997}.Release|Any CPU.ActiveCfg = Release|Any CPU
		{80CAEDCD-6C8F-75F3-591C-AEB6788C8997}.Release|Any CPU.Build.0 = Release|Any CPU
		{4ABD7616-93FA-3D46-FA01-B3B4D645C80B}.Debug|Any CPU.ActiveCfg = Debug|Any CPU
		{4ABD7616-93FA-3D46-FA01-B3B4D645C80B}.Debug|Any CPU.Build.0 = Debug|Any CPU
		{4ABD7616-93FA-3D46-FA01-B3B4D645C80B}.Release|Any CPU.ActiveCfg = Release|Any CPU
		{4ABD7616-93FA-3D46-FA01-B3B4D645C80B}.Release|Any CPU.Build.0 = Release|Any CPU
		{80001C11-026E-0A61-F662-55AE2160ACE2}.Debug|Any CPU.ActiveCfg = Debug|Any CPU
		{80001C11-026E-0A61-F662-55AE2160ACE2}.Debug|Any CPU.Build.0 = Debug|Any CPU
		{80001C11-026E-0A61-F662-55AE2160ACE2}.Release|Any CPU.ActiveCfg = Release|Any CPU
		{80001C11-026E-0A61-F662-55AE2160ACE2}.Release|Any CPU.Build.0 = Release|Any CPU
		{3B6F0C9F-632A-A5BF-1C9B-758CFD626368}.Debug|Any CPU.ActiveCfg = Debug|Any CPU
		{3B6F0C9F-632A-A5BF-1C9B-758CFD626368}.Debug|Any CPU.Build.0 = Debug|Any CPU
		{3B6F0C9F-632A-A5BF-1C9B-758CFD626368}.Release|Any CPU.ActiveCfg = Release|Any CPU
		{3B6F0C9F-632A-A5BF-1C9B-758CFD626368}.Release|Any CPU.Build.0 = Release|Any CPU
		{BCECC51C-30B9-1C10-8F89-DEBCCF2874ED}.Debug|Any CPU.ActiveCfg = Debug|Any CPU
		{BCECC51C-30B9-1C10-8F89-DEBCCF2874ED}.Debug|Any CPU.Build.0 = Debug|Any CPU
		{BCECC51C-30B9-1C10-8F89-DEBCCF2874ED}.Release|Any CPU.ActiveCfg = Release|Any CPU
		{BCECC51C-30B9-1C10-8F89-DEBCCF2874ED}.Release|Any CPU.Build.0 = Release|Any CPU
		{DFAA10FE-EA7D-66FA-1A64-DE1F1B82B992}.Debug|Any CPU.ActiveCfg = Debug|Any CPU
		{DFAA10FE-EA7D-66FA-1A64-DE1F1B82B992}.Debug|Any CPU.Build.0 = Debug|Any CPU
		{DFAA10FE-EA7D-66FA-1A64-DE1F1B82B992}.Release|Any CPU.ActiveCfg = Release|Any CPU
		{DFAA10FE-EA7D-66FA-1A64-DE1F1B82B992}.Release|Any CPU.Build.0 = Release|Any CPU
		{D516AEB7-26D2-2776-35B7-DE67C9D4E8C9}.Debug|Any CPU.ActiveCfg = Debug|Any CPU
		{D516AEB7-26D2-2776-35B7-DE67C9D4E8C9}.Debug|Any CPU.Build.0 = Debug|Any CPU
		{D516AEB7-26D2-2776-35B7-DE67C9D4E8C9}.Release|Any CPU.ActiveCfg = Release|Any CPU
		{D516AEB7-26D2-2776-35B7-DE67C9D4E8C9}.Release|Any CPU.Build.0 = Release|Any CPU
		{E16A853C-B368-C102-1EEA-8C3F5E925ECD}.Debug|Any CPU.ActiveCfg = Debug|Any CPU
		{E16A853C-B368-C102-1EEA-8C3F5E925ECD}.Debug|Any CPU.Build.0 = Debug|Any CPU
		{E16A853C-B368-C102-1EEA-8C3F5E925ECD}.Release|Any CPU.ActiveCfg = Release|Any CPU
		{E16A853C-B368-C102-1EEA-8C3F5E925ECD}.Release|Any CPU.Build.0 = Release|Any CPU
		{1022B791-E8D6-884A-82C9-A54AC217F70B}.Debug|Any CPU.ActiveCfg = Debug|Any CPU
		{1022B791-E8D6-884A-82C9-A54AC217F70B}.Debug|Any CPU.Build.0 = Debug|Any CPU
		{1022B791-E8D6-884A-82C9-A54AC217F70B}.Release|Any CPU.ActiveCfg = Release|Any CPU
		{1022B791-E8D6-884A-82C9-A54AC217F70B}.Release|Any CPU.Build.0 = Release|Any CPU
		{3D7CAE85-D351-D83B-798C-6DD30EBE3709}.Debug|Any CPU.ActiveCfg = Debug|Any CPU
		{3D7CAE85-D351-D83B-798C-6DD30EBE3709}.Debug|Any CPU.Build.0 = Debug|Any CPU
		{3D7CAE85-D351-D83B-798C-6DD30EBE3709}.Release|Any CPU.ActiveCfg = Release|Any CPU
		{3D7CAE85-D351-D83B-798C-6DD30EBE3709}.Release|Any CPU.Build.0 = Release|Any CPU
		{234007B5-0088-B20F-F0CD-238D29251B22}.Debug|Any CPU.ActiveCfg = Debug|Any CPU
		{234007B5-0088-B20F-F0CD-238D29251B22}.Debug|Any CPU.Build.0 = Debug|Any CPU
		{234007B5-0088-B20F-F0CD-238D29251B22}.Release|Any CPU.ActiveCfg = Release|Any CPU
		{234007B5-0088-B20F-F0CD-238D29251B22}.Release|Any CPU.Build.0 = Release|Any CPU
	EndGlobalSection
	GlobalSection(SolutionProperties) = preSolution
		HideSolutionNode = FALSE
	EndGlobalSection
EndGlobal
